
Microsoft Visual Studio Solution File, Format Version 12.00
# Visual Studio 2012
Project("{8BC9CEB8-8B4A-11D0-8D11-00A0C91BC942}") = "simple_engine", "simple_engine.vcxproj", "{68DD6CC2-E4F3-4E67-9715-603BB636AB49}"
EndProject
Global
	GlobalSection(SolutionConfigurationPlatforms) = preSolution
		Debug|Win32 = Debug|Win32
		Release|Win32 = Release|Win32
	EndGlobalSection
	GlobalSection(ProjectConfigurationPlatforms) = postSolution
		{68DD6CC2-E4F3-4E67-9715-603BB636AB49}.Debug|Win32.ActiveCfg = Debug|Win32
		{68DD6CC2-E4F3-4E67-9715-603BB636AB49}.Debug|Win32.Build.0 = Debug|Win32
		{68DD6CC2-E4F3-4E67-9715-603BB636AB49}.Release|Win32.ActiveCfg = Release|Win32
		{68DD6CC2-E4F3-4E67-9715-603BB636AB49}.Release|Win32.Build.0 = Release|Win32
	EndGlobalSection
	GlobalSection(SolutionProperties) = preSolution
		HideSolutionNode = FALSE
	EndGlobalSection
EndGlobal
